
Microsoft Visual Studio Solution File, Format Version 12.00
# Visual Studio 15
VisualStudioVersion = 15.0.28307.421
MinimumVisualStudioVersion = 10.0.40219.1
Project("{FAE04EC0-301F-11D3-BF4B-00C04F79EFBC}") = "RestaurantBul", "RestaurantBul\RestaurantBul.csproj", "{6B3F4AA0-9429-4825-8F6C-BD2E31A16C3F}"
EndProject
Global
	GlobalSection(SolutionConfigurationPlatforms) = preSolution
		Debug|Any CPU = Debug|Any CPU
		Release|Any CPU = Release|Any CPU
	EndGlobalSection
	GlobalSection(ProjectConfigurationPlatforms) = postSolution
		{6B3F4AA0-9429-4825-8F6C-BD2E31A16C3F}.Debug|Any CPU.ActiveCfg = Debug|Any CPU
		{6B3F4AA0-9429-4825-8F6C-BD2E31A16C3F}.Debug|Any CPU.Build.0 = Debug|Any CPU
		{6B3F4AA0-9429-4825-8F6C-BD2E31A16C3F}.Release|Any CPU.ActiveCfg = Release|Any CPU
		{6B3F4AA0-9429-4825-8F6C-BD2E31A16C3F}.Release|Any CPU.Build.0 = Release|Any CPU
	EndGlobalSection
	GlobalSection(SolutionProperties) = preSolution
		HideSolutionNode = FALSE
	EndGlobalSection
	GlobalSection(ExtensibilityGlobals) = postSolution
		SolutionGuid = {78D612DC-386B-49A2-AF33-F0400A518198}
	EndGlobalSection
EndGlobal
